
Microsoft Visual Studio Solution File, Format Version 12.00
# Visual Studio Version 16
VisualStudioVersion = 16.0.30717.126
MinimumVisualStudioVersion = 10.0.40219.1
Project("{FAE04EC0-301F-11D3-BF4B-00C04F79EFBC}") = "UiApp", "UiApp\UiApp.csproj", "{ADFBE574-0784-4C74-A1E6-A0632F68AF6E}"
EndProject
Global
	GlobalSection(SolutionConfigurationPlatforms) = preSolution
		Debug|Any CPU = Debug|Any CPU
		Release|Any CPU = Release|Any CPU
	EndGlobalSection
	GlobalSection(ProjectConfigurationPlatforms) = postSolution
		{ADFBE574-0784-4C74-A1E6-A0632F68AF6E}.Debug|Any CPU.ActiveCfg = Debug|Any CPU
		{ADFBE574-0784-4C74-A1E6-A0632F68AF6E}.Debug|Any CPU.Build.0 = Debug|Any CPU
		{ADFBE574-0784-4C74-A1E6-A0632F68AF6E}.Release|Any CPU.ActiveCfg = Release|Any CPU
		{ADFBE574-0784-4C74-A1E6-A0632F68AF6E}.Release|Any CPU.Build.0 = Release|Any CPU
	EndGlobalSection
	GlobalSection(SolutionProperties) = preSolution
		HideSolutionNode = FALSE
	EndGlobalSection
	GlobalSection(ExtensibilityGlobals) = postSolution
		SolutionGuid = {8F367655-3900-48C1-ACA5-64B204DE04DA}
	EndGlobalSection
EndGlobal
